// !$*UTF8*$!
{
	archiveVersion = 1;
	classes = {
	};
	objectVersion = 50;
	objects = {

/* Begin PBXBuildFile section */
		3405604C233A7345001323D1 /* QuestionViewController.swift in Sources */ = {isa = PBXBuildFile; fileRef = 3405604B233A7345001323D1 /* QuestionViewController.swift */; };
		34130A122344D263007B8FC9 /* SettingsViewController.swift in Sources */ = {isa = PBXBuildFile; fileRef = 34130A112344D263007B8FC9 /* SettingsViewController.swift */; };
		34365B272331369700AA462A /* AppDelegate.swift in Sources */ = {isa = PBXBuildFile; fileRef = 34365B262331369700AA462A /* AppDelegate.swift */; };
		34365B292331369700AA462A /* TitleScreenViewController.swift in Sources */ = {isa = PBXBuildFile; fileRef = 34365B282331369700AA462A /* TitleScreenViewController.swift */; };
		34365B2E2331369900AA462A /* Assets.xcassets in Resources */ = {isa = PBXBuildFile; fileRef = 34365B2D2331369900AA462A /* Assets.xcassets */; };
		344DC88D24410BBA00657F84 /* categories.txt in Resources */ = {isa = PBXBuildFile; fileRef = 344DC88C24410BBA00657F84 /* categories.txt */; };
		344DC88F24410BDB00657F84 /* questions.txt in Resources */ = {isa = PBXBuildFile; fileRef = 344DC88E24410BDB00657F84 /* questions.txt */; };
		344EB80F244DC5BB00D047F8 /* QuestionTypeAndHighScoreCell.swift in Sources */ = {isa = PBXBuildFile; fileRef = 344EB80D244DC5BB00D047F8 /* QuestionTypeAndHighScoreCell.swift */; };
		344EB810244DC5BB00D047F8 /* QuestionTypeAndHighScore.xib in Resources */ = {isa = PBXBuildFile; fileRef = 344EB80E244DC5BB00D047F8 /* QuestionTypeAndHighScore.xib */; };
		3452F14C2443406300881494 /* SceneDelegate.swift in Sources */ = {isa = PBXBuildFile; fileRef = 3452F14B2443406300881494 /* SceneDelegate.swift */; };
		3452F14E2444954700881494 /* QuestionNumber.xib in Resources */ = {isa = PBXBuildFile; fileRef = 3452F14D2444954600881494 /* QuestionNumber.xib */; };
		3452F1502447BB5D00881494 /* SettingsTableViewController.swift in Sources */ = {isa = PBXBuildFile; fileRef = 3452F14F2447BB5D00881494 /* SettingsTableViewController.swift */; };
		3472C91823E30A3700557C20 /* MultiplayerService.swift in Sources */ = {isa = PBXBuildFile; fileRef = 3472C91723E30A3700557C20 /* MultiplayerService.swift */; };
		3472C91E23E9EC0000557C20 /* RankingsViewController.swift in Sources */ = {isa = PBXBuildFile; fileRef = 3472C91D23E9EC0000557C20 /* RankingsViewController.swift */; };
		347C3E4223EC545900242986 /* DataStore.swift in Sources */ = {isa = PBXBuildFile; fileRef = 347C3E4123EC545900242986 /* DataStore.swift */; };
		347C3E4623EC5CAA00242986 /* ResultArray.swift in Sources */ = {isa = PBXBuildFile; fileRef = 347C3E4523EC5CAA00242986 /* ResultArray.swift */; };
		347C3E4823EC5D9100242986 /* QuestionArray.swift in Sources */ = {isa = PBXBuildFile; fileRef = 347C3E4723EC5D9100242986 /* QuestionArray.swift */; };
		347C3E4A23EE0EF500242986 /* TriviaCategoryList.swift in Sources */ = {isa = PBXBuildFile; fileRef = 347C3E4923EE0EF500242986 /* TriviaCategoryList.swift */; };
		347C3E4C23EE0F1000242986 /* SingleTriviaCategory.swift in Sources */ = {isa = PBXBuildFile; fileRef = 347C3E4B23EE0F1000242986 /* SingleTriviaCategory.swift */; };
		347F6DA92447C83F007C6D8A /* QuestionNumberCell.swift in Sources */ = {isa = PBXBuildFile; fileRef = 347F6DA82447C83F007C6D8A /* QuestionNumberCell.swift */; };
		347F6DAB2448832D007C6D8A /* QuestionType.xib in Resources */ = {isa = PBXBuildFile; fileRef = 347F6DAA2448832D007C6D8A /* QuestionType.xib */; };
		347F6DAD24488686007C6D8A /* QuestionTypeCell.swift in Sources */ = {isa = PBXBuildFile; fileRef = 347F6DAC24488686007C6D8A /* QuestionTypeCell.swift */; };
		347F6DB02448E8A5007C6D8A /* GameDescriptionCell.swift in Sources */ = {isa = PBXBuildFile; fileRef = 347F6DAE2448E8A5007C6D8A /* GameDescriptionCell.swift */; };
		347F6DB12448E8A5007C6D8A /* GameDescription.xib in Resources */ = {isa = PBXBuildFile; fileRef = 347F6DAF2448E8A5007C6D8A /* GameDescription.xib */; };
		347F6DB42448FBAD007C6D8A /* HighScoreCell.swift in Sources */ = {isa = PBXBuildFile; fileRef = 347F6DB22448FBAD007C6D8A /* HighScoreCell.swift */; };
		347F6DB52448FBAD007C6D8A /* HighScore.xib in Resources */ = {isa = PBXBuildFile; fileRef = 347F6DB32448FBAD007C6D8A /* HighScore.xib */; };
		348940BA244B39B6003FA371 /* Loading.xib in Resources */ = {isa = PBXBuildFile; fileRef = 348940B9244B39B6003FA371 /* Loading.xib */; };
		349ADB8523AEE32200C67E84 /* GameSettingsViewController.swift in Sources */ = {isa = PBXBuildFile; fileRef = 349ADB8423AEE32200C67E84 /* GameSettingsViewController.swift */; };
		34E2DFE623EF6A9E002A7DC2 /* LaunchScreen.storyboard in Resources */ = {isa = PBXBuildFile; fileRef = 34365B2F2331369900AA462A /* LaunchScreen.storyboard */; };
		34E2DFE723EF6AC6002A7DC2 /* Main.storyboard in Resources */ = {isa = PBXBuildFile; fileRef = 34365B2A2331369700AA462A /* Main.storyboard */; };
		34EC195E23467571009C8ACC /* EndgameViewController.swift in Sources */ = {isa = PBXBuildFile; fileRef = 34EC195D23467571009C8ACC /* EndgameViewController.swift */; };
/* End PBXBuildFile section */

/* Begin PBXFileReference section */
		3405604B233A7345001323D1 /* QuestionViewController.swift */ = {isa = PBXFileReference; lastKnownFileType = sourcecode.swift; path = QuestionViewController.swift; sourceTree = "<group>"; };
		34130A112344D263007B8FC9 /* SettingsViewController.swift */ = {isa = PBXFileReference; lastKnownFileType = sourcecode.swift; path = SettingsViewController.swift; sourceTree = "<group>"; };
		34365B232331369700AA462A /* Open Trivia.app */ = {isa = PBXFileReference; explicitFileType = wrapper.application; includeInIndex = 0; path = "Open Trivia.app"; sourceTree = BUILT_PRODUCTS_DIR; };
		34365B262331369700AA462A /* AppDelegate.swift */ = {isa = PBXFileReference; lastKnownFileType = sourcecode.swift; path = AppDelegate.swift; sourceTree = "<group>"; };
		34365B282331369700AA462A /* TitleScreenViewController.swift */ = {isa = PBXFileReference; lastKnownFileType = sourcecode.swift; path = TitleScreenViewController.swift; sourceTree = "<group>"; };
		34365B2B2331369700AA462A /* Base */ = {isa = PBXFileReference; lastKnownFileType = file.storyboard; name = Base; path = Base.lproj/Main.storyboard; sourceTree = "<group>"; };
		34365B2D2331369900AA462A /* Assets.xcassets */ = {isa = PBXFileReference; lastKnownFileType = folder.assetcatalog; path = Assets.xcassets; sourceTree = "<group>"; };
		34365B302331369900AA462A /* Base */ = {isa = PBXFileReference; lastKnownFileType = file.storyboard; name = Base; path = Base.lproj/LaunchScreen.storyboard; sourceTree = "<group>"; };
		34365B322331369900AA462A /* Info.plist */ = {isa = PBXFileReference; lastKnownFileType = text.plist.xml; path = Info.plist; sourceTree = "<group>"; };
		344DC88C24410BBA00657F84 /* categories.txt */ = {isa = PBXFileReference; lastKnownFileType = text; path = categories.txt; sourceTree = "<group>"; };
		344DC88E24410BDB00657F84 /* questions.txt */ = {isa = PBXFileReference; lastKnownFileType = text; path = questions.txt; sourceTree = "<group>"; };
		344EB80D244DC5BB00D047F8 /* QuestionTypeAndHighScoreCell.swift */ = {isa = PBXFileReference; lastKnownFileType = sourcecode.swift; path = QuestionTypeAndHighScoreCell.swift; sourceTree = "<group>"; };
		344EB80E244DC5BB00D047F8 /* QuestionTypeAndHighScore.xib */ = {isa = PBXFileReference; lastKnownFileType = file.xib; path = QuestionTypeAndHighScore.xib; sourceTree = "<group>"; };
		3452F14B2443406300881494 /* SceneDelegate.swift */ = {isa = PBXFileReference; lastKnownFileType = sourcecode.swift; path = SceneDelegate.swift; sourceTree = "<group>"; };
		3452F14D2444954600881494 /* QuestionNumber.xib */ = {isa = PBXFileReference; lastKnownFileType = file.xib; path = QuestionNumber.xib; sourceTree = "<group>"; };
		3452F14F2447BB5D00881494 /* SettingsTableViewController.swift */ = {isa = PBXFileReference; lastKnownFileType = sourcecode.swift; path = SettingsTableViewController.swift; sourceTree = "<group>"; };
		3472C91723E30A3700557C20 /* MultiplayerService.swift */ = {isa = PBXFileReference; lastKnownFileType = sourcecode.swift; path = MultiplayerService.swift; sourceTree = "<group>"; };
		3472C91D23E9EC0000557C20 /* RankingsViewController.swift */ = {isa = PBXFileReference; lastKnownFileType = sourcecode.swift; path = RankingsViewController.swift; sourceTree = "<group>"; };
		347C3E4123EC545900242986 /* DataStore.swift */ = {isa = PBXFileReference; lastKnownFileType = sourcecode.swift; path = DataStore.swift; sourceTree = "<group>"; };
		347C3E4523EC5CAA00242986 /* ResultArray.swift */ = {isa = PBXFileReference; lastKnownFileType = sourcecode.swift; path = ResultArray.swift; sourceTree = "<group>"; };
		347C3E4723EC5D9100242986 /* QuestionArray.swift */ = {isa = PBXFileReference; lastKnownFileType = sourcecode.swift; path = QuestionArray.swift; sourceTree = "<group>"; };
		347C3E4923EE0EF500242986 /* TriviaCategoryList.swift */ = {isa = PBXFileReference; lastKnownFileType = sourcecode.swift; path = TriviaCategoryList.swift; sourceTree = "<group>"; };
		347C3E4B23EE0F1000242986 /* SingleTriviaCategory.swift */ = {isa = PBXFileReference; lastKnownFileType = sourcecode.swift; path = SingleTriviaCategory.swift; sourceTree = "<group>"; };
		347F6DA82447C83F007C6D8A /* QuestionNumberCell.swift */ = {isa = PBXFileReference; lastKnownFileType = sourcecode.swift; path = QuestionNumberCell.swift; sourceTree = "<group>"; };
		347F6DAA2448832D007C6D8A /* QuestionType.xib */ = {isa = PBXFileReference; lastKnownFileType = file.xib; path = QuestionType.xib; sourceTree = "<group>"; };
		347F6DAC24488686007C6D8A /* QuestionTypeCell.swift */ = {isa = PBXFileReference; lastKnownFileType = sourcecode.swift; path = QuestionTypeCell.swift; sourceTree = "<group>"; };
		347F6DAE2448E8A5007C6D8A /* GameDescriptionCell.swift */ = {isa = PBXFileReference; lastKnownFileType = sourcecode.swift; path = GameDescriptionCell.swift; sourceTree = "<group>"; };
		347F6DAF2448E8A5007C6D8A /* GameDescription.xib */ = {isa = PBXFileReference; lastKnownFileType = file.xib; path = GameDescription.xib; sourceTree = "<group>"; };
		347F6DB22448FBAD007C6D8A /* HighScoreCell.swift */ = {isa = PBXFileReference; lastKnownFileType = sourcecode.swift; path = HighScoreCell.swift; sourceTree = "<group>"; };
		347F6DB32448FBAD007C6D8A /* HighScore.xib */ = {isa = PBXFileReference; lastKnownFileType = file.xib; path = HighScore.xib; sourceTree = "<group>"; };
		348940B9244B39B6003FA371 /* Loading.xib */ = {isa = PBXFileReference; lastKnownFileType = file.xib; path = Loading.xib; sourceTree = "<group>"; };
		349ADB8423AEE32200C67E84 /* GameSettingsViewController.swift */ = {isa = PBXFileReference; lastKnownFileType = sourcecode.swift; path = GameSettingsViewController.swift; sourceTree = "<group>"; };
		34EC195D23467571009C8ACC /* EndgameViewController.swift */ = {isa = PBXFileReference; lastKnownFileType = sourcecode.swift; path = EndgameViewController.swift; sourceTree = "<group>"; };
/* End PBXFileReference section */

/* Begin PBXFrameworksBuildPhase section */
		34365B202331369700AA462A /* Frameworks */ = {
			isa = PBXFrameworksBuildPhase;
			buildActionMask = 2147483647;
			files = (
			);
			runOnlyForDeploymentPostprocessing = 0;
		};
/* End PBXFrameworksBuildPhase section */

/* Begin PBXGroup section */
		3424BD2B244A7DC3004644E9 /* OldFiles */ = {
			isa = PBXGroup;
			children = (
				34130A112344D263007B8FC9 /* SettingsViewController.swift */,
			);
			path = OldFiles;
			sourceTree = "<group>";
		};
		34365B1A2331369700AA462A = {
			isa = PBXGroup;
			children = (
				34365B252331369700AA462A /* Open Trivia */,
				34365B242331369700AA462A /* Products */,
			);
			sourceTree = "<group>";
		};
		34365B242331369700AA462A /* Products */ = {
			isa = PBXGroup;
			children = (
				34365B232331369700AA462A /* Open Trivia.app */,
			);
			name = Products;
			sourceTree = "<group>";
		};
		34365B252331369700AA462A /* Open Trivia */ = {
			isa = PBXGroup;
			children = (
				34365B322331369900AA462A /* Info.plist */,
				347F6DA72447C7EE007C6D8A /* Cells */,
				34365B2A2331369700AA462A /* Main.storyboard */,
				347C3E4123EC545900242986 /* DataStore.swift */,
				34E2DFE523EE0FE1002A7DC2 /* DataTypes */,
				347C3E3F23EADA1C00242986 /* Controllers */,
				3424BD2B244A7DC3004644E9 /* OldFiles */,
				347C3E4023EADA6A00242986 /* SupportFiles */,
			);
			path = "Open Trivia";
			sourceTree = "<group>";
		};
		347C3E3F23EADA1C00242986 /* Controllers */ = {
			isa = PBXGroup;
			children = (
				3452F14F2447BB5D00881494 /* SettingsTableViewController.swift */,
				34365B282331369700AA462A /* TitleScreenViewController.swift */,
				3472C91D23E9EC0000557C20 /* RankingsViewController.swift */,
				349ADB8423AEE32200C67E84 /* GameSettingsViewController.swift */,
				3405604B233A7345001323D1 /* QuestionViewController.swift */,
				34EC195D23467571009C8ACC /* EndgameViewController.swift */,
			);
			path = Controllers;
			sourceTree = "<group>";
		};
		347C3E4023EADA6A00242986 /* SupportFiles */ = {
			isa = PBXGroup;
			children = (
				34365B262331369700AA462A /* AppDelegate.swift */,
				3452F14B2443406300881494 /* SceneDelegate.swift */,
				34365B2F2331369900AA462A /* LaunchScreen.storyboard */,
				34365B2D2331369900AA462A /* Assets.xcassets */,
				3472C91723E30A3700557C20 /* MultiplayerService.swift */,
			);
			path = SupportFiles;
			sourceTree = "<group>";
		};
		347F6DA72447C7EE007C6D8A /* Cells */ = {
			isa = PBXGroup;
			children = (
				3452F14D2444954600881494 /* QuestionNumber.xib */,
				347F6DA82447C83F007C6D8A /* QuestionNumberCell.swift */,
				347F6DAA2448832D007C6D8A /* QuestionType.xib */,
				347F6DAC24488686007C6D8A /* QuestionTypeCell.swift */,
				347F6DAF2448E8A5007C6D8A /* GameDescription.xib */,
				347F6DAE2448E8A5007C6D8A /* GameDescriptionCell.swift */,
				347F6DB32448FBAD007C6D8A /* HighScore.xib */,
				347F6DB22448FBAD007C6D8A /* HighScoreCell.swift */,
				344EB80E244DC5BB00D047F8 /* QuestionTypeAndHighScore.xib */,
				344EB80D244DC5BB00D047F8 /* QuestionTypeAndHighScoreCell.swift */,
				348940B9244B39B6003FA371 /* Loading.xib */,
			);
			path = Cells;
			sourceTree = "<group>";
		};
		34E2DFE523EE0FE1002A7DC2 /* DataTypes */ = {
			isa = PBXGroup;
			children = (
				347C3E4523EC5CAA00242986 /* ResultArray.swift */,
				347C3E4723EC5D9100242986 /* QuestionArray.swift */,
				347C3E4923EE0EF500242986 /* TriviaCategoryList.swift */,
				347C3E4B23EE0F1000242986 /* SingleTriviaCategory.swift */,
				344DC88C24410BBA00657F84 /* categories.txt */,
				344DC88E24410BDB00657F84 /* questions.txt */,
			);
			path = DataTypes;
			sourceTree = "<group>";
		};
/* End PBXGroup section */

/* Begin PBXNativeTarget section */
		34365B222331369700AA462A /* Open Trivia */ = {
			isa = PBXNativeTarget;
			buildConfigurationList = 34365B352331369900AA462A /* Build configuration list for PBXNativeTarget "Open Trivia" */;
			buildPhases = (
				34365B1F2331369700AA462A /* Sources */,
				34365B202331369700AA462A /* Frameworks */,
				34365B212331369700AA462A /* Resources */,
			);
			buildRules = (
			);
			dependencies = (
			);
			name = "Open Trivia";
			productName = FirstQuizGame;
			productReference = 34365B232331369700AA462A /* Open Trivia.app */;
			productType = "com.apple.product-type.application";
		};
/* End PBXNativeTarget section */

/* Begin PBXProject section */
		34365B1B2331369700AA462A /* Project object */ = {
			isa = PBXProject;
			attributes = {
				KnownAssetTags = (
					0,
				);
				LastSwiftUpdateCheck = 1030;
				LastUpgradeCheck = 1030;
				ORGANIZATIONNAME = "Matthew Johnson";
				TargetAttributes = {
					34365B222331369700AA462A = {
						CreatedOnToolsVersion = 10.3;
					};
				};
			};
			buildConfigurationList = 34365B1E2331369700AA462A /* Build configuration list for PBXProject "Open Trivia" */;
			compatibilityVersion = "Xcode 9.3";
			developmentRegion = en;
			hasScannedForEncodings = 0;
			knownRegions = (
				en,
				Base,
			);
			mainGroup = 34365B1A2331369700AA462A;
			productRefGroup = 34365B242331369700AA462A /* Products */;
			projectDirPath = "";
			projectRoot = "";
			targets = (
				34365B222331369700AA462A /* Open Trivia */,
			);
		};
/* End PBXProject section */

/* Begin PBXResourcesBuildPhase section */
		34365B212331369700AA462A /* Resources */ = {
			isa = PBXResourcesBuildPhase;
			buildActionMask = 2147483647;
			files = (
				34E2DFE723EF6AC6002A7DC2 /* Main.storyboard in Resources */,
				34E2DFE623EF6A9E002A7DC2 /* LaunchScreen.storyboard in Resources */,
				347F6DB12448E8A5007C6D8A /* GameDescription.xib in Resources */,
				347F6DAB2448832D007C6D8A /* QuestionType.xib in Resources */,
				344DC88D24410BBA00657F84 /* categories.txt in Resources */,
				344DC88F24410BDB00657F84 /* questions.txt in Resources */,
				34365B2E2331369900AA462A /* Assets.xcassets in Resources */,
				3452F14E2444954700881494 /* QuestionNumber.xib in Resources */,
				348940BA244B39B6003FA371 /* Loading.xib in Resources */,
				344EB810244DC5BB00D047F8 /* QuestionTypeAndHighScore.xib in Resources */,
				347F6DB52448FBAD007C6D8A /* HighScore.xib in Resources */,
			);
			runOnlyForDeploymentPostprocessing = 0;
		};
/* End PBXResourcesBuildPhase section */

/* Begin PBXSourcesBuildPhase section */
		34365B1F2331369700AA462A /* Sources */ = {
			isa = PBXSourcesBuildPhase;
			buildActionMask = 2147483647;
			files = (
				347C3E4A23EE0EF500242986 /* TriviaCategoryList.swift in Sources */,
				3452F14C2443406300881494 /* SceneDelegate.swift in Sources */,
				34365B292331369700AA462A /* TitleScreenViewController.swift in Sources */,
				347C3E4223EC545900242986 /* DataStore.swift in Sources */,
				344EB80F244DC5BB00D047F8 /* QuestionTypeAndHighScoreCell.swift in Sources */,
				347F6DA92447C83F007C6D8A /* QuestionNumberCell.swift in Sources */,
				347F6DB42448FBAD007C6D8A /* HighScoreCell.swift in Sources */,
				3472C91823E30A3700557C20 /* MultiplayerService.swift in Sources */,
				34365B272331369700AA462A /* AppDelegate.swift in Sources */,
				347C3E4C23EE0F1000242986 /* SingleTriviaCategory.swift in Sources */,
				347F6DB02448E8A5007C6D8A /* GameDescriptionCell.swift in Sources */,
				347C3E4823EC5D9100242986 /* QuestionArray.swift in Sources */,
				347F6DAD24488686007C6D8A /* QuestionTypeCell.swift in Sources */,
				349ADB8523AEE32200C67E84 /* GameSettingsViewController.swift in Sources */,
				34EC195E23467571009C8ACC /* EndgameViewController.swift in Sources */,
				347C3E4623EC5CAA00242986 /* ResultArray.swift in Sources */,
				3452F1502447BB5D00881494 /* SettingsTableViewController.swift in Sources */,
				3472C91E23E9EC0000557C20 /* RankingsViewController.swift in Sources */,
				3405604C233A7345001323D1 /* QuestionViewController.swift in Sources */,
				34130A122344D263007B8FC9 /* SettingsViewController.swift in Sources */,
			);
			runOnlyForDeploymentPostprocessing = 0;
		};
/* End PBXSourcesBuildPhase section */

/* Begin PBXVariantGroup section */
		34365B2A2331369700AA462A /* Main.storyboard */ = {
			isa = PBXVariantGroup;
			children = (
				34365B2B2331369700AA462A /* Base */,
			);
			name = Main.storyboard;
			sourceTree = "<group>";
		};
		34365B2F2331369900AA462A /* LaunchScreen.storyboard */ = {
			isa = PBXVariantGroup;
			children = (
				34365B302331369900AA462A /* Base */,
			);
			name = LaunchScreen.storyboard;
			sourceTree = "<group>";
		};
/* End PBXVariantGroup section */

/* Begin XCBuildConfiguration section */
		34365B332331369900AA462A /* Debug */ = {
			isa = XCBuildConfiguration;
			buildSettings = {
				ALWAYS_SEARCH_USER_PATHS = NO;
				CLANG_ANALYZER_NONNULL = YES;
				CLANG_ANALYZER_NUMBER_OBJECT_CONVERSION = YES_AGGRESSIVE;
				CLANG_CXX_LANGUAGE_STANDARD = "gnu++14";
				CLANG_CXX_LIBRARY = "libc++";
				CLANG_ENABLE_MODULES = YES;
				CLANG_ENABLE_OBJC_ARC = YES;
				CLANG_ENABLE_OBJC_WEAK = YES;
				CLANG_WARN_BLOCK_CAPTURE_AUTORELEASING = YES;
				CLANG_WARN_BOOL_CONVERSION = YES;
				CLANG_WARN_COMMA = YES;
				CLANG_WARN_CONSTANT_CONVERSION = YES;
				CLANG_WARN_DEPRECATED_OBJC_IMPLEMENTATIONS = YES;
				CLANG_WARN_DIRECT_OBJC_ISA_USAGE = YES_ERROR;
				CLANG_WARN_DOCUMENTATION_COMMENTS = YES;
				CLANG_WARN_EMPTY_BODY = YES;
				CLANG_WARN_ENUM_CONVERSION = YES;
				CLANG_WARN_INFINITE_RECURSION = YES;
				CLANG_WARN_INT_CONVERSION = YES;
				CLANG_WARN_NON_LITERAL_NULL_CONVERSION = YES;
				CLANG_WARN_OBJC_IMPLICIT_RETAIN_SELF = YES;
				CLANG_WARN_OBJC_LITERAL_CONVERSION = YES;
				CLANG_WARN_OBJC_ROOT_CLASS = YES_ERROR;
				CLANG_WARN_RANGE_LOOP_ANALYSIS = YES;
				CLANG_WARN_STRICT_PROTOTYPES = YES;
				CLANG_WARN_SUSPICIOUS_MOVE = YES;
				CLANG_WARN_UNGUARDED_AVAILABILITY = YES_AGGRESSIVE;
				CLANG_WARN_UNREACHABLE_CODE = YES;
				CLANG_WARN__DUPLICATE_METHOD_MATCH = YES;
				CODE_SIGN_IDENTITY = "iPhone Developer";
				COPY_PHASE_STRIP = NO;
				DEBUG_INFORMATION_FORMAT = dwarf;
				ENABLE_STRICT_OBJC_MSGSEND = YES;
				ENABLE_TESTABILITY = YES;
				GCC_C_LANGUAGE_STANDARD = gnu11;
				GCC_DYNAMIC_NO_PIC = NO;
				GCC_NO_COMMON_BLOCKS = YES;
				GCC_OPTIMIZATION_LEVEL = 0;
				GCC_PREPROCESSOR_DEFINITIONS = (
					"DEBUG=1",
					"$(inherited)",
				);
				GCC_WARN_64_TO_32_BIT_CONVERSION = YES;
				GCC_WARN_ABOUT_RETURN_TYPE = YES_ERROR;
				GCC_WARN_UNDECLARED_SELECTOR = YES;
				GCC_WARN_UNINITIALIZED_AUTOS = YES_AGGRESSIVE;
				GCC_WARN_UNUSED_FUNCTION = YES;
				GCC_WARN_UNUSED_VARIABLE = YES;
				IPHONEOS_DEPLOYMENT_TARGET = 12.4;
				MTL_ENABLE_DEBUG_INFO = INCLUDE_SOURCE;
				MTL_FAST_MATH = YES;
				ONLY_ACTIVE_ARCH = YES;
				SDKROOT = iphoneos;
				SWIFT_ACTIVE_COMPILATION_CONDITIONS = DEBUG;
				SWIFT_OPTIMIZATION_LEVEL = "-Onone";
			};
			name = Debug;
		};
		34365B342331369900AA462A /* Release */ = {
			isa = XCBuildConfiguration;
			buildSettings = {
				ALWAYS_SEARCH_USER_PATHS = NO;
				CLANG_ANALYZER_NONNULL = YES;
				CLANG_ANALYZER_NUMBER_OBJECT_CONVERSION = YES_AGGRESSIVE;
				CLANG_CXX_LANGUAGE_STANDARD = "gnu++14";
				CLANG_CXX_LIBRARY = "libc++";
				CLANG_ENABLE_MODULES = YES;
				CLANG_ENABLE_OBJC_ARC = YES;
				CLANG_ENABLE_OBJC_WEAK = YES;
				CLANG_WARN_BLOCK_CAPTURE_AUTORELEASING = YES;
				CLANG_WARN_BOOL_CONVERSION = YES;
				CLANG_WARN_COMMA = YES;
				CLANG_WARN_CONSTANT_CONVERSION = YES;
				CLANG_WARN_DEPRECATED_OBJC_IMPLEMENTATIONS = YES;
				CLANG_WARN_DIRECT_OBJC_ISA_USAGE = YES_ERROR;
				CLANG_WARN_DOCUMENTATION_COMMENTS = YES;
				CLANG_WARN_EMPTY_BODY = YES;
				CLANG_WARN_ENUM_CONVERSION = YES;
				CLANG_WARN_INFINITE_RECURSION = YES;
				CLANG_WARN_INT_CONVERSION = YES;
				CLANG_WARN_NON_LITERAL_NULL_CONVERSION = YES;
				CLANG_WARN_OBJC_IMPLICIT_RETAIN_SELF = YES;
				CLANG_WARN_OBJC_LITERAL_CONVERSION = YES;
				CLANG_WARN_OBJC_ROOT_CLASS = YES_ERROR;
				CLANG_WARN_RANGE_LOOP_ANALYSIS = YES;
				CLANG_WARN_STRICT_PROTOTYPES = YES;
				CLANG_WARN_SUSPICIOUS_MOVE = YES;
				CLANG_WARN_UNGUARDED_AVAILABILITY = YES_AGGRESSIVE;
				CLANG_WARN_UNREACHABLE_CODE = YES;
				CLANG_WARN__DUPLICATE_METHOD_MATCH = YES;
				CODE_SIGN_IDENTITY = "iPhone Developer";
				COPY_PHASE_STRIP = NO;
				DEBUG_INFORMATION_FORMAT = "dwarf-with-dsym";
				ENABLE_NS_ASSERTIONS = NO;
				ENABLE_STRICT_OBJC_MSGSEND = YES;
				GCC_C_LANGUAGE_STANDARD = gnu11;
				GCC_NO_COMMON_BLOCKS = YES;
				GCC_WARN_64_TO_32_BIT_CONVERSION = YES;
				GCC_WARN_ABOUT_RETURN_TYPE = YES_ERROR;
				GCC_WARN_UNDECLARED_SELECTOR = YES;
				GCC_WARN_UNINITIALIZED_AUTOS = YES_AGGRESSIVE;
				GCC_WARN_UNUSED_FUNCTION = YES;
				GCC_WARN_UNUSED_VARIABLE = YES;
				IPHONEOS_DEPLOYMENT_TARGET = 12.4;
				MTL_ENABLE_DEBUG_INFO = NO;
				MTL_FAST_MATH = YES;
				SDKROOT = iphoneos;
				SWIFT_COMPILATION_MODE = wholemodule;
				SWIFT_OPTIMIZATION_LEVEL = "-O";
				VALIDATE_PRODUCT = YES;
			};
			name = Release;
		};
		34365B362331369900AA462A /* Debug */ = {
			isa = XCBuildConfiguration;
			buildSettings = {
				ASSETCATALOG_COMPILER_APPICON_NAME = AppIcon;
				CODE_SIGN_STYLE = Automatic;
				CURRENT_PROJECT_VERSION = 4;
				DEVELOPMENT_TEAM = 56YK987R2L;
				INFOPLIST_FILE = "$(SRCROOT)/Open Trivia/Info.plist";
				LD_RUNPATH_SEARCH_PATHS = (
					"$(inherited)",
					"@executable_path/Frameworks",
				);
				PRODUCT_BUNDLE_IDENTIFIER = "Matthew-Johnson.OpenTrivia";
				PRODUCT_NAME = "Open Trivia";
				SWIFT_VERSION = 5.0;
				TARGETED_DEVICE_FAMILY = "1,2";
			};
			name = Debug;
		};
		34365B372331369900AA462A /* Release */ = {
			isa = XCBuildConfiguration;
			buildSettings = {
				ASSETCATALOG_COMPILER_APPICON_NAME = AppIcon;
				CODE_SIGN_STYLE = Automatic;
				CURRENT_PROJECT_VERSION = 4;
				DEVELOPMENT_TEAM = 56YK987R2L;
				INFOPLIST_FILE = "$(SRCROOT)/Open Trivia/Info.plist";
				LD_RUNPATH_SEARCH_PATHS = (
					"$(inherited)",
					"@executable_path/Frameworks",
				);
				PRODUCT_BUNDLE_IDENTIFIER = "Matthew-Johnson.OpenTrivia";
				PRODUCT_NAME = "Open Trivia";
				SWIFT_VERSION = 5.0;
				TARGETED_DEVICE_FAMILY = "1,2";
			};
			name = Release;
		};
/* End XCBuildConfiguration section */

/* Begin XCConfigurationList section */
		34365B1E2331369700AA462A /* Build configuration list for PBXProject "Open Trivia" */ = {
			isa = XCConfigurationList;
			buildConfigurations = (
				34365B332331369900AA462A /* Debug */,
				34365B342331369900AA462A /* Release */,
			);
			defaultConfigurationIsVisible = 0;
			defaultConfigurationName = Release;
		};
		34365B352331369900AA462A /* Build configuration list for PBXNativeTarget "Open Trivia" */ = {
			isa = XCConfigurationList;
			buildConfigurations = (
				34365B362331369900AA462A /* Debug */,
				34365B372331369900AA462A /* Release */,
			);
			defaultConfigurationIsVisible = 0;
			defaultConfigurationName = Release;
		};
/* End XCConfigurationList section */
	};
	rootObject = 34365B1B2331369700AA462A /* Project object */;
}
